
Microsoft Visual Studio Solution File, Format Version 12.00
# Visual Studio Version 16
VisualStudioVersion = 16.0.31205.134
MinimumVisualStudioVersion = 10.0.40219.1
Project("{FAE04EC0-301F-11D3-BF4B-00C04F79EFBC}") = "MyFirstConsoleApplication", "MyFirstConsoleApplication\MyFirstConsoleApplication.csproj", "{333533EB-D55C-4063-AE43-5588A2B965EF}"
EndProject
Global
	GlobalSection(SolutionConfigurationPlatforms) = preSolution
		Debug|Any CPU = Debug|Any CPU
		Release|Any CPU = Release|Any CPU
	EndGlobalSection
	GlobalSection(ProjectConfigurationPlatforms) = postSolution
		{333533EB-D55C-4063-AE43-5588A2B965EF}.Debug|Any CPU.ActiveCfg = Debug|Any CPU
		{333533EB-D55C-4063-AE43-5588A2B965EF}.Debug|Any CPU.Build.0 = Debug|Any CPU
		{333533EB-D55C-4063-AE43-5588A2B965EF}.Release|Any CPU.ActiveCfg = Release|Any CPU
		{333533EB-D55C-4063-AE43-5588A2B965EF}.Release|Any CPU.Build.0 = Release|Any CPU
	EndGlobalSection
	GlobalSection(SolutionProperties) = preSolution
		HideSolutionNode = FALSE
	EndGlobalSection
	GlobalSection(ExtensibilityGlobals) = postSolution
		SolutionGuid = {D7B11C80-556F-4087-A970-21D1C7749A5B}
	EndGlobalSection
EndGlobal
